
Microsoft Visual Studio Solution File, Format Version 11.00
# Visual Studio 2010
Project("{8BC9CEB8-8B4A-11D0-8D11-00A0C91BC942}") = "MsvcProject", "MsvcProject\MsvcProject.vcxproj", "{F597D1BE-A373-492A-BEFE-476E8BE17A19}"
EndProject
Project("{8BC9CEB8-8B4A-11D0-8D11-00A0C91BC942}") = "AmjuLibMsvc", "..\..\..\amjulib\Script\AmjuLibMsvc\AmjuLibMsvc\AmjuLibMsvc.vcxproj", "{93920D98-6C4D-43A6-8579-AA7200EC11D0}"
EndProject
Global
	GlobalSection(SolutionConfigurationPlatforms) = preSolution
		Debug|Win32 = Debug|Win32
		Release|Win32 = Release|Win32
	EndGlobalSection
	GlobalSection(ProjectConfigurationPlatforms) = postSolution
		{F597D1BE-A373-492A-BEFE-476E8BE17A19}.Debug|Win32.ActiveCfg = Debug|Win32
		{F597D1BE-A373-492A-BEFE-476E8BE17A19}.Debug|Win32.Build.0 = Debug|Win32
		{F597D1BE-A373-492A-BEFE-476E8BE17A19}.Release|Win32.ActiveCfg = Release|Win32
		{F597D1BE-A373-492A-BEFE-476E8BE17A19}.Release|Win32.Build.0 = Release|Win32
		{93920D98-6C4D-43A6-8579-AA7200EC11D0}.Debug|Win32.ActiveCfg = Debug|Win32
		{93920D98-6C4D-43A6-8579-AA7200EC11D0}.Debug|Win32.Build.0 = Debug|Win32
		{93920D98-6C4D-43A6-8579-AA7200EC11D0}.Release|Win32.ActiveCfg = Release|Win32
		{93920D98-6C4D-43A6-8579-AA7200EC11D0}.Release|Win32.Build.0 = Release|Win32
	EndGlobalSection
	GlobalSection(SolutionProperties) = preSolution
		HideSolutionNode = FALSE
	EndGlobalSection
EndGlobal
