
Microsoft Visual Studio Solution File, Format Version 10.00
# Visual Studio 2008
Project("{8BC9CEB8-8B4A-11D0-8D11-00A0C91BC942}") = "MsvcProject", "MsvcProject\MsvcProject.vcproj", "{F597D1BE-A373-492A-BEFE-476E8BE17A19}"
	ProjectSection(ProjectDependencies) = postProject
		{93920D98-6C4D-43A6-8579-AA7200EC11D0} = {93920D98-6C4D-43A6-8579-AA7200EC11D0}
	EndProjectSection
EndProject
Project("{8BC9CEB8-8B4A-11D0-8D11-00A0C91BC942}") = "AmjuLibMsvc", "..\..\..\amjulib\Script\AmjuLibMsvc\AmjuLibMsvc\AmjuLibMsvc.vcproj", "{93920D98-6C4D-43A6-8579-AA7200EC11D0}"
EndProject
Global
	GlobalSection(SolutionConfigurationPlatforms) = preSolution
		Debug|Win32 = Debug|Win32
		DebugAssetTest|Win32 = DebugAssetTest|Win32
		Release|Win32 = Release|Win32
		ReleaseAssetTest|Win32 = ReleaseAssetTest|Win32
	EndGlobalSection
	GlobalSection(ProjectConfigurationPlatforms) = postSolution
		{F597D1BE-A373-492A-BEFE-476E8BE17A19}.Debug|Win32.ActiveCfg = Debug|Win32
		{F597D1BE-A373-492A-BEFE-476E8BE17A19}.Debug|Win32.Build.0 = Debug|Win32
		{F597D1BE-A373-492A-BEFE-476E8BE17A19}.DebugAssetTest|Win32.ActiveCfg = DebugAssetTest|Win32
		{F597D1BE-A373-492A-BEFE-476E8BE17A19}.DebugAssetTest|Win32.Build.0 = DebugAssetTest|Win32
		{F597D1BE-A373-492A-BEFE-476E8BE17A19}.Release|Win32.ActiveCfg = Release|Win32
		{F597D1BE-A373-492A-BEFE-476E8BE17A19}.Release|Win32.Build.0 = Release|Win32
		{F597D1BE-A373-492A-BEFE-476E8BE17A19}.ReleaseAssetTest|Win32.ActiveCfg = ReleaseAssetTest|Win32
		{F597D1BE-A373-492A-BEFE-476E8BE17A19}.ReleaseAssetTest|Win32.Build.0 = ReleaseAssetTest|Win32
		{93920D98-6C4D-43A6-8579-AA7200EC11D0}.Debug|Win32.ActiveCfg = Debug|Win32
		{93920D98-6C4D-43A6-8579-AA7200EC11D0}.Debug|Win32.Build.0 = Debug|Win32
		{93920D98-6C4D-43A6-8579-AA7200EC11D0}.DebugAssetTest|Win32.ActiveCfg = DebugAssetTest|Win32
		{93920D98-6C4D-43A6-8579-AA7200EC11D0}.DebugAssetTest|Win32.Build.0 = DebugAssetTest|Win32
		{93920D98-6C4D-43A6-8579-AA7200EC11D0}.Release|Win32.ActiveCfg = Release|Win32
		{93920D98-6C4D-43A6-8579-AA7200EC11D0}.Release|Win32.Build.0 = Release|Win32
		{93920D98-6C4D-43A6-8579-AA7200EC11D0}.ReleaseAssetTest|Win32.ActiveCfg = ReleaseAssetTest|Win32
		{93920D98-6C4D-43A6-8579-AA7200EC11D0}.ReleaseAssetTest|Win32.Build.0 = ReleaseAssetTest|Win32
	EndGlobalSection
	GlobalSection(SolutionProperties) = preSolution
		HideSolutionNode = FALSE
	EndGlobalSection
EndGlobal
